{
  "name": "Bloxers",
  "lockfileVersion": 3,
  "requires": true,
  "packages": {
    "": {
      "dependencies": {
        "@bsv/sdk": "^1.4.18"
      }
    },
    "node_modules/@bsv/sdk": {
      "version": "1.4.18",
      "resolved": "https://registry.npmjs.org/@bsv/sdk/-/sdk-1.4.18.tgz",
      "integrity": "sha512-CpBfPRpSij3og7qm9uPohzPmvRhiuRyGjh4NNfY4Vm3aVYcBOi1qz1h1iLyv6kLRFCoIgjq4E6CzTbHtB/B/7Q==",
      "license": "SEE LICENSE IN LICENSE.txt"
    }
  }
}
